// !$*UTF8*$!
{
	archiveVersion = 1;
	classes = {
	};
	objectVersion = 56;
	objects = {

/* Begin PBXBuildFile section */
		EC01458629FA68510093BB2A /* SearchResponse.swift in Sources */ = {isa = PBXBuildFile; fileRef = EC01458529FA68510093BB2A /* SearchResponse.swift */; };
		EC01458929FA81CC0093BB2A /* Extensions.swift in Sources */ = {isa = PBXBuildFile; fileRef = EC01458829FA81CC0093BB2A /* Extensions.swift */; };
		EC01458B29FA89600093BB2A /* SearchResultTableViewCell.swift in Sources */ = {isa = PBXBuildFile; fileRef = EC01458A29FA89600093BB2A /* SearchResultTableViewCell.swift */; };
		EC01458E29FBA7800093BB2A /* FloatingPanel in Frameworks */ = {isa = PBXBuildFile; productRef = EC01458D29FBA7800093BB2A /* FloatingPanel */; };
		EC01459029FBBA260093BB2A /* NewHeaderView.swift in Sources */ = {isa = PBXBuildFile; fileRef = EC01458F29FBBA260093BB2A /* NewHeaderView.swift */; };
		EC01459229FBFCA00093BB2A /* NewStory.swift in Sources */ = {isa = PBXBuildFile; fileRef = EC01459129FBFCA00093BB2A /* NewStory.swift */; };
		EC01459429FC0A3E0093BB2A /* NewStoryTableViewCell.swift in Sources */ = {isa = PBXBuildFile; fileRef = EC01459329FC0A3E0093BB2A /* NewStoryTableViewCell.swift */; };
		EC01459729FC6D060093BB2A /* SDWebImage in Frameworks */ = {isa = PBXBuildFile; productRef = EC01459629FC6D060093BB2A /* SDWebImage */; };
		EC01459929FC6D060093BB2A /* SDWebImageMapKit in Frameworks */ = {isa = PBXBuildFile; productRef = EC01459829FC6D060093BB2A /* SDWebImageMapKit */; };
		EC0C782929FE89D900C9679B /* WatchListTableViewCell.swift in Sources */ = {isa = PBXBuildFile; fileRef = EC0C782829FE89D900C9679B /* WatchListTableViewCell.swift */; };
		EC0C782B29FE8B7200C9679B /* StockChartView.swift in Sources */ = {isa = PBXBuildFile; fileRef = EC0C782A29FE8B7200C9679B /* StockChartView.swift */; };
		EC52175129FD7FF000094D80 /* MarketDataResponse.swift in Sources */ = {isa = PBXBuildFile; fileRef = EC52175029FD7FF000094D80 /* MarketDataResponse.swift */; };
		ECD3804329FA4754008EFB65 /* NewsViewController.swift in Sources */ = {isa = PBXBuildFile; fileRef = ECD3804229FA4754008EFB65 /* NewsViewController.swift */; };
		ECD3804529FA47AA008EFB65 /* StockDetailsViewController.swift in Sources */ = {isa = PBXBuildFile; fileRef = ECD3804429FA47AA008EFB65 /* StockDetailsViewController.swift */; };
		ECD3804729FA47CC008EFB65 /* SearchResultsViewController.swift in Sources */ = {isa = PBXBuildFile; fileRef = ECD3804629FA47CC008EFB65 /* SearchResultsViewController.swift */; };
		ECD3804B29FA5271008EFB65 /* APICaller.swift in Sources */ = {isa = PBXBuildFile; fileRef = ECD3804A29FA5271008EFB65 /* APICaller.swift */; };
		ECD3804D29FA5280008EFB65 /* PersistentManager.swift in Sources */ = {isa = PBXBuildFile; fileRef = ECD3804C29FA5280008EFB65 /* PersistentManager.swift */; };
		ECD3804F29FA5293008EFB65 /* HapticsManager.swift in Sources */ = {isa = PBXBuildFile; fileRef = ECD3804E29FA5293008EFB65 /* HapticsManager.swift */; };
		ECEF622229F9BF4300675794 /* AppDelegate.swift in Sources */ = {isa = PBXBuildFile; fileRef = ECEF622129F9BF4300675794 /* AppDelegate.swift */; };
		ECEF622629F9BF4300675794 /* WatchListViewController.swift in Sources */ = {isa = PBXBuildFile; fileRef = ECEF622529F9BF4300675794 /* WatchListViewController.swift */; };
		ECEF622B29F9BF4400675794 /* Assets.xcassets in Resources */ = {isa = PBXBuildFile; fileRef = ECEF622A29F9BF4400675794 /* Assets.xcassets */; };
		ECEF622E29F9BF4400675794 /* LaunchScreen.storyboard in Resources */ = {isa = PBXBuildFile; fileRef = ECEF622C29F9BF4400675794 /* LaunchScreen.storyboard */; };
/* End PBXBuildFile section */

/* Begin PBXFileReference section */
		EC01458529FA68510093BB2A /* SearchResponse.swift */ = {isa = PBXFileReference; lastKnownFileType = sourcecode.swift; name = SearchResponse.swift; path = Stocks/SearchResponse.swift; sourceTree = SOURCE_ROOT; };
		EC01458829FA81CC0093BB2A /* Extensions.swift */ = {isa = PBXFileReference; lastKnownFileType = sourcecode.swift; path = Extensions.swift; sourceTree = "<group>"; };
		EC01458A29FA89600093BB2A /* SearchResultTableViewCell.swift */ = {isa = PBXFileReference; lastKnownFileType = sourcecode.swift; path = SearchResultTableViewCell.swift; sourceTree = "<group>"; };
		EC01458F29FBBA260093BB2A /* NewHeaderView.swift */ = {isa = PBXFileReference; lastKnownFileType = sourcecode.swift; path = NewHeaderView.swift; sourceTree = "<group>"; };
		EC01459129FBFCA00093BB2A /* NewStory.swift */ = {isa = PBXFileReference; lastKnownFileType = sourcecode.swift; name = NewStory.swift; path = Stocks/Controllers/NewStory.swift; sourceTree = SOURCE_ROOT; };
		EC01459329FC0A3E0093BB2A /* NewStoryTableViewCell.swift */ = {isa = PBXFileReference; lastKnownFileType = sourcecode.swift; path = NewStoryTableViewCell.swift; sourceTree = "<group>"; };
		EC0C782829FE89D900C9679B /* WatchListTableViewCell.swift */ = {isa = PBXFileReference; lastKnownFileType = sourcecode.swift; path = WatchListTableViewCell.swift; sourceTree = "<group>"; };
		EC0C782A29FE8B7200C9679B /* StockChartView.swift */ = {isa = PBXFileReference; lastKnownFileType = sourcecode.swift; path = StockChartView.swift; sourceTree = "<group>"; };
		EC52175029FD7FF000094D80 /* MarketDataResponse.swift */ = {isa = PBXFileReference; lastKnownFileType = sourcecode.swift; name = MarketDataResponse.swift; path = Stocks/Controllers/NewsViewController/View/MarketDataResponse.swift; sourceTree = SOURCE_ROOT; };
		ECD3804229FA4754008EFB65 /* NewsViewController.swift */ = {isa = PBXFileReference; lastKnownFileType = sourcecode.swift; path = NewsViewController.swift; sourceTree = "<group>"; };
		ECD3804429FA47AA008EFB65 /* StockDetailsViewController.swift */ = {isa = PBXFileReference; lastKnownFileType = sourcecode.swift; path = StockDetailsViewController.swift; sourceTree = "<group>"; };
		ECD3804629FA47CC008EFB65 /* SearchResultsViewController.swift */ = {isa = PBXFileReference; lastKnownFileType = sourcecode.swift; path = SearchResultsViewController.swift; sourceTree = "<group>"; };
		ECD3804A29FA5271008EFB65 /* APICaller.swift */ = {isa = PBXFileReference; lastKnownFileType = sourcecode.swift; path = APICaller.swift; sourceTree = "<group>"; };
		ECD3804C29FA5280008EFB65 /* PersistentManager.swift */ = {isa = PBXFileReference; lastKnownFileType = sourcecode.swift; path = PersistentManager.swift; sourceTree = "<group>"; };
		ECD3804E29FA5293008EFB65 /* HapticsManager.swift */ = {isa = PBXFileReference; lastKnownFileType = sourcecode.swift; path = HapticsManager.swift; sourceTree = "<group>"; };
		ECEF621E29F9BF4300675794 /* Stocks.app */ = {isa = PBXFileReference; explicitFileType = wrapper.application; includeInIndex = 0; path = Stocks.app; sourceTree = BUILT_PRODUCTS_DIR; };
		ECEF622129F9BF4300675794 /* AppDelegate.swift */ = {isa = PBXFileReference; lastKnownFileType = sourcecode.swift; path = AppDelegate.swift; sourceTree = "<group>"; };
		ECEF622529F9BF4300675794 /* WatchListViewController.swift */ = {isa = PBXFileReference; lastKnownFileType = sourcecode.swift; path = WatchListViewController.swift; sourceTree = "<group>"; };
		ECEF622A29F9BF4400675794 /* Assets.xcassets */ = {isa = PBXFileReference; lastKnownFileType = folder.assetcatalog; path = Assets.xcassets; sourceTree = "<group>"; };
		ECEF622D29F9BF4400675794 /* Base */ = {isa = PBXFileReference; lastKnownFileType = file.storyboard; name = Base; path = Base.lproj/LaunchScreen.storyboard; sourceTree = "<group>"; };
		ECEF622F29F9BF4400675794 /* Info.plist */ = {isa = PBXFileReference; lastKnownFileType = text.plist.xml; path = Info.plist; sourceTree = "<group>"; };
/* End PBXFileReference section */

/* Begin PBXFrameworksBuildPhase section */
		ECEF621B29F9BF4300675794 /* Frameworks */ = {
			isa = PBXFrameworksBuildPhase;
			buildActionMask = 2147483647;
			files = (
				EC01459729FC6D060093BB2A /* SDWebImage in Frameworks */,
				EC01459929FC6D060093BB2A /* SDWebImageMapKit in Frameworks */,
				EC01458E29FBA7800093BB2A /* FloatingPanel in Frameworks */,
			);
			runOnlyForDeploymentPostprocessing = 0;
		};
/* End PBXFrameworksBuildPhase section */

/* Begin PBXGroup section */
		EC01458729FA81B70093BB2A /* Extensions */ = {
			isa = PBXGroup;
			children = (
				EC01458829FA81CC0093BB2A /* Extensions.swift */,
			);
			path = Extensions;
			sourceTree = "<group>";
		};
		ECD3803A29FA45B6008EFB65 /* Controllers */ = {
			isa = PBXGroup;
			children = (
				ECD3803F29FA470A008EFB65 /* WatchListController */,
				ECD3804029FA4729008EFB65 /* NewsViewController */,
				ECD3804829FA4CF6008EFB65 /* StockDetailController */,
				ECD3804929FA4D27008EFB65 /* SearchResultsController */,
			);
			path = Controllers;
			sourceTree = "<group>";
		};
		ECD3803B29FA45C8008EFB65 /* View */ = {
			isa = PBXGroup;
			children = (
				EC0C782829FE89D900C9679B /* WatchListTableViewCell.swift */,
				EC0C782A29FE8B7200C9679B /* StockChartView.swift */,
			);
			path = View;
			sourceTree = "<group>";
		};
		ECD3803C29FA45CD008EFB65 /* Managers */ = {
			isa = PBXGroup;
			children = (
				ECD3804A29FA5271008EFB65 /* APICaller.swift */,
				ECD3804C29FA5280008EFB65 /* PersistentManager.swift */,
				ECD3804E29FA5293008EFB65 /* HapticsManager.swift */,
			);
			path = Managers;
			sourceTree = "<group>";
		};
		ECD3803D29FA45D4008EFB65 /* App */ = {
			isa = PBXGroup;
			children = (
				ECEF622129F9BF4300675794 /* AppDelegate.swift */,
			);
			path = App;
			sourceTree = "<group>";
		};
		ECD3803E29FA45EF008EFB65 /* Resources */ = {
			isa = PBXGroup;
			children = (
				ECEF622C29F9BF4400675794 /* LaunchScreen.storyboard */,
				ECEF622A29F9BF4400675794 /* Assets.xcassets */,
			);
			path = Resources;
			sourceTree = "<group>";
		};
		ECD3803F29FA470A008EFB65 /* WatchListController */ = {
			isa = PBXGroup;
			children = (
				ECEF622529F9BF4300675794 /* WatchListViewController.swift */,
				ECD3803B29FA45C8008EFB65 /* View */,
			);
			path = WatchListController;
			sourceTree = "<group>";
		};
		ECD3804029FA4729008EFB65 /* NewsViewController */ = {
			isa = PBXGroup;
			children = (
				ECD3804229FA4754008EFB65 /* NewsViewController.swift */,
				ECD3804129FA473F008EFB65 /* View */,
			);
			path = NewsViewController;
			sourceTree = "<group>";
		};
		ECD3804129FA473F008EFB65 /* View */ = {
			isa = PBXGroup;
			children = (
				EC01458F29FBBA260093BB2A /* NewHeaderView.swift */,
				EC01459329FC0A3E0093BB2A /* NewStoryTableViewCell.swift */,
			);
			path = View;
			sourceTree = "<group>";
		};
		ECD3804829FA4CF6008EFB65 /* StockDetailController */ = {
			isa = PBXGroup;
			children = (
				ECD3804429FA47AA008EFB65 /* StockDetailsViewController.swift */,
			);
			path = StockDetailController;
			sourceTree = "<group>";
		};
		ECD3804929FA4D27008EFB65 /* SearchResultsController */ = {
			isa = PBXGroup;
			children = (
				ECD3804629FA47CC008EFB65 /* SearchResultsViewController.swift */,
				EC01458A29FA89600093BB2A /* SearchResultTableViewCell.swift */,
			);
			path = SearchResultsController;
			sourceTree = "<group>";
		};
		ECD3805029FA607D008EFB65 /* Models */ = {
			isa = PBXGroup;
			children = (
				EC01458529FA68510093BB2A /* SearchResponse.swift */,
				EC01459129FBFCA00093BB2A /* NewStory.swift */,
				EC52175029FD7FF000094D80 /* MarketDataResponse.swift */,
			);
			path = Models;
			sourceTree = "<group>";
		};
		ECEF621529F9BF4300675794 = {
			isa = PBXGroup;
			children = (
				ECEF622029F9BF4300675794 /* Stocks */,
				ECEF621F29F9BF4300675794 /* Products */,
			);
			sourceTree = "<group>";
		};
		ECEF621F29F9BF4300675794 /* Products */ = {
			isa = PBXGroup;
			children = (
				ECEF621E29F9BF4300675794 /* Stocks.app */,
			);
			name = Products;
			sourceTree = "<group>";
		};
		ECEF622029F9BF4300675794 /* Stocks */ = {
			isa = PBXGroup;
			children = (
				ECD3803D29FA45D4008EFB65 /* App */,
				EC01458729FA81B70093BB2A /* Extensions */,
				ECD3803C29FA45CD008EFB65 /* Managers */,
				ECD3805029FA607D008EFB65 /* Models */,
				ECD3803A29FA45B6008EFB65 /* Controllers */,
				ECD3803E29FA45EF008EFB65 /* Resources */,
				ECEF622F29F9BF4400675794 /* Info.plist */,
			);
			path = Stocks;
			sourceTree = "<group>";
		};
/* End PBXGroup section */

/* Begin PBXNativeTarget section */
		ECEF621D29F9BF4300675794 /* Stocks */ = {
			isa = PBXNativeTarget;
			buildConfigurationList = ECEF623229F9BF4400675794 /* Build configuration list for PBXNativeTarget "Stocks" */;
			buildPhases = (
				ECEF621A29F9BF4300675794 /* Sources */,
				ECEF621B29F9BF4300675794 /* Frameworks */,
				ECEF621C29F9BF4300675794 /* Resources */,
			);
			buildRules = (
			);
			dependencies = (
			);
			name = Stocks;
			packageProductDependencies = (
				EC01458D29FBA7800093BB2A /* FloatingPanel */,
				EC01459629FC6D060093BB2A /* SDWebImage */,
				EC01459829FC6D060093BB2A /* SDWebImageMapKit */,
			);
			productName = Stocks;
			productReference = ECEF621E29F9BF4300675794 /* Stocks.app */;
			productType = "com.apple.product-type.application";
		};
/* End PBXNativeTarget section */

/* Begin PBXProject section */
		ECEF621629F9BF4300675794 /* Project object */ = {
			isa = PBXProject;
			attributes = {
				BuildIndependentTargetsInParallel = 1;
				LastSwiftUpdateCheck = 1420;
				LastUpgradeCheck = 1420;
				TargetAttributes = {
					ECEF621D29F9BF4300675794 = {
						CreatedOnToolsVersion = 14.2;
					};
				};
			};
			buildConfigurationList = ECEF621929F9BF4300675794 /* Build configuration list for PBXProject "Stocks" */;
			compatibilityVersion = "Xcode 14.0";
			developmentRegion = en;
			hasScannedForEncodings = 0;
			knownRegions = (
				en,
				Base,
			);
			mainGroup = ECEF621529F9BF4300675794;
			packageReferences = (
				EC01458C29FBA7800093BB2A /* XCRemoteSwiftPackageReference "FloatingPanel" */,
				EC01459529FC6D060093BB2A /* XCRemoteSwiftPackageReference "SDWebImage" */,
			);
			productRefGroup = ECEF621F29F9BF4300675794 /* Products */;
			projectDirPath = "";
			projectRoot = "";
			targets = (
				ECEF621D29F9BF4300675794 /* Stocks */,
			);
		};
/* End PBXProject section */

/* Begin PBXResourcesBuildPhase section */
		ECEF621C29F9BF4300675794 /* Resources */ = {
			isa = PBXResourcesBuildPhase;
			buildActionMask = 2147483647;
			files = (
				ECEF622E29F9BF4400675794 /* LaunchScreen.storyboard in Resources */,
				ECEF622B29F9BF4400675794 /* Assets.xcassets in Resources */,
			);
			runOnlyForDeploymentPostprocessing = 0;
		};
/* End PBXResourcesBuildPhase section */

/* Begin PBXSourcesBuildPhase section */
		ECEF621A29F9BF4300675794 /* Sources */ = {
			isa = PBXSourcesBuildPhase;
			buildActionMask = 2147483647;
			files = (
				EC01459029FBBA260093BB2A /* NewHeaderView.swift in Sources */,
				ECEF622629F9BF4300675794 /* WatchListViewController.swift in Sources */,
				ECD3804B29FA5271008EFB65 /* APICaller.swift in Sources */,
				ECD3804729FA47CC008EFB65 /* SearchResultsViewController.swift in Sources */,
				ECD3804329FA4754008EFB65 /* NewsViewController.swift in Sources */,
				ECD3804D29FA5280008EFB65 /* PersistentManager.swift in Sources */,
				EC01458929FA81CC0093BB2A /* Extensions.swift in Sources */,
				EC01458B29FA89600093BB2A /* SearchResultTableViewCell.swift in Sources */,
				ECEF622229F9BF4300675794 /* AppDelegate.swift in Sources */,
				EC01458629FA68510093BB2A /* SearchResponse.swift in Sources */,
				EC0C782B29FE8B7200C9679B /* StockChartView.swift in Sources */,
				EC52175129FD7FF000094D80 /* MarketDataResponse.swift in Sources */,
				ECD3804F29FA5293008EFB65 /* HapticsManager.swift in Sources */,
				EC01459229FBFCA00093BB2A /* NewStory.swift in Sources */,
				EC0C782929FE89D900C9679B /* WatchListTableViewCell.swift in Sources */,
				EC01459429FC0A3E0093BB2A /* NewStoryTableViewCell.swift in Sources */,
				ECD3804529FA47AA008EFB65 /* StockDetailsViewController.swift in Sources */,
			);
			runOnlyForDeploymentPostprocessing = 0;
		};
/* End PBXSourcesBuildPhase section */

/* Begin PBXVariantGroup section */
		ECEF622C29F9BF4400675794 /* LaunchScreen.storyboard */ = {
			isa = PBXVariantGroup;
			children = (
				ECEF622D29F9BF4400675794 /* Base */,
			);
			name = LaunchScreen.storyboard;
			sourceTree = "<group>";
		};
/* End PBXVariantGroup section */

/* Begin XCBuildConfiguration section */
		ECEF623029F9BF4400675794 /* Debug */ = {
			isa = XCBuildConfiguration;
			buildSettings = {
				ALWAYS_SEARCH_USER_PATHS = NO;
				CLANG_ANALYZER_NONNULL = YES;
				CLANG_ANALYZER_NUMBER_OBJECT_CONVERSION = YES_AGGRESSIVE;
				CLANG_CXX_LANGUAGE_STANDARD = "gnu++20";
				CLANG_ENABLE_MODULES = YES;
				CLANG_ENABLE_OBJC_ARC = YES;
				CLANG_ENABLE_OBJC_WEAK = YES;
				CLANG_WARN_BLOCK_CAPTURE_AUTORELEASING = YES;
				CLANG_WARN_BOOL_CONVERSION = YES;
				CLANG_WARN_COMMA = YES;
				CLANG_WARN_CONSTANT_CONVERSION = YES;
				CLANG_WARN_DEPRECATED_OBJC_IMPLEMENTATIONS = YES;
				CLANG_WARN_DIRECT_OBJC_ISA_USAGE = YES_ERROR;
				CLANG_WARN_DOCUMENTATION_COMMENTS = YES;
				CLANG_WARN_EMPTY_BODY = YES;
				CLANG_WARN_ENUM_CONVERSION = YES;
				CLANG_WARN_INFINITE_RECURSION = YES;
				CLANG_WARN_INT_CONVERSION = YES;
				CLANG_WARN_NON_LITERAL_NULL_CONVERSION = YES;
				CLANG_WARN_OBJC_IMPLICIT_RETAIN_SELF = YES;
				CLANG_WARN_OBJC_LITERAL_CONVERSION = YES;
				CLANG_WARN_OBJC_ROOT_CLASS = YES_ERROR;
				CLANG_WARN_QUOTED_INCLUDE_IN_FRAMEWORK_HEADER = YES;
				CLANG_WARN_RANGE_LOOP_ANALYSIS = YES;
				CLANG_WARN_STRICT_PROTOTYPES = YES;
				CLANG_WARN_SUSPICIOUS_MOVE = YES;
				CLANG_WARN_UNGUARDED_AVAILABILITY = YES_AGGRESSIVE;
				CLANG_WARN_UNREACHABLE_CODE = YES;
				CLANG_WARN__DUPLICATE_METHOD_MATCH = YES;
				COPY_PHASE_STRIP = NO;
				DEBUG_INFORMATION_FORMAT = dwarf;
				ENABLE_STRICT_OBJC_MSGSEND = YES;
				ENABLE_TESTABILITY = YES;
				GCC_C_LANGUAGE_STANDARD = gnu11;
				GCC_DYNAMIC_NO_PIC = NO;
				GCC_NO_COMMON_BLOCKS = YES;
				GCC_OPTIMIZATION_LEVEL = 0;
				GCC_PREPROCESSOR_DEFINITIONS = (
					"DEBUG=1",
					"$(inherited)",
				);
				GCC_WARN_64_TO_32_BIT_CONVERSION = YES;
				GCC_WARN_ABOUT_RETURN_TYPE = YES_ERROR;
				GCC_WARN_UNDECLARED_SELECTOR = YES;
				GCC_WARN_UNINITIALIZED_AUTOS = YES_AGGRESSIVE;
				GCC_WARN_UNUSED_FUNCTION = YES;
				GCC_WARN_UNUSED_VARIABLE = YES;
				IPHONEOS_DEPLOYMENT_TARGET = 16.2;
				MTL_ENABLE_DEBUG_INFO = INCLUDE_SOURCE;
				MTL_FAST_MATH = YES;
				ONLY_ACTIVE_ARCH = YES;
				SDKROOT = iphoneos;
				SWIFT_ACTIVE_COMPILATION_CONDITIONS = DEBUG;
				SWIFT_OPTIMIZATION_LEVEL = "-Onone";
			};
			name = Debug;
		};
		ECEF623129F9BF4400675794 /* Release */ = {
			isa = XCBuildConfiguration;
			buildSettings = {
				ALWAYS_SEARCH_USER_PATHS = NO;
				CLANG_ANALYZER_NONNULL = YES;
				CLANG_ANALYZER_NUMBER_OBJECT_CONVERSION = YES_AGGRESSIVE;
				CLANG_CXX_LANGUAGE_STANDARD = "gnu++20";
				CLANG_ENABLE_MODULES = YES;
				CLANG_ENABLE_OBJC_ARC = YES;
				CLANG_ENABLE_OBJC_WEAK = YES;
				CLANG_WARN_BLOCK_CAPTURE_AUTORELEASING = YES;
				CLANG_WARN_BOOL_CONVERSION = YES;
				CLANG_WARN_COMMA = YES;
				CLANG_WARN_CONSTANT_CONVERSION = YES;
				CLANG_WARN_DEPRECATED_OBJC_IMPLEMENTATIONS = YES;
				CLANG_WARN_DIRECT_OBJC_ISA_USAGE = YES_ERROR;
				CLANG_WARN_DOCUMENTATION_COMMENTS = YES;
				CLANG_WARN_EMPTY_BODY = YES;
				CLANG_WARN_ENUM_CONVERSION = YES;
				CLANG_WARN_INFINITE_RECURSION = YES;
				CLANG_WARN_INT_CONVERSION = YES;
				CLANG_WARN_NON_LITERAL_NULL_CONVERSION = YES;
				CLANG_WARN_OBJC_IMPLICIT_RETAIN_SELF = YES;
				CLANG_WARN_OBJC_LITERAL_CONVERSION = YES;
				CLANG_WARN_OBJC_ROOT_CLASS = YES_ERROR;
				CLANG_WARN_QUOTED_INCLUDE_IN_FRAMEWORK_HEADER = YES;
				CLANG_WARN_RANGE_LOOP_ANALYSIS = YES;
				CLANG_WARN_STRICT_PROTOTYPES = YES;
				CLANG_WARN_SUSPICIOUS_MOVE = YES;
				CLANG_WARN_UNGUARDED_AVAILABILITY = YES_AGGRESSIVE;
				CLANG_WARN_UNREACHABLE_CODE = YES;
				CLANG_WARN__DUPLICATE_METHOD_MATCH = YES;
				COPY_PHASE_STRIP = NO;
				DEBUG_INFORMATION_FORMAT = "dwarf-with-dsym";
				ENABLE_NS_ASSERTIONS = NO;
				ENABLE_STRICT_OBJC_MSGSEND = YES;
				GCC_C_LANGUAGE_STANDARD = gnu11;
				GCC_NO_COMMON_BLOCKS = YES;
				GCC_WARN_64_TO_32_BIT_CONVERSION = YES;
				GCC_WARN_ABOUT_RETURN_TYPE = YES_ERROR;
				GCC_WARN_UNDECLARED_SELECTOR = YES;
				GCC_WARN_UNINITIALIZED_AUTOS = YES_AGGRESSIVE;
				GCC_WARN_UNUSED_FUNCTION = YES;
				GCC_WARN_UNUSED_VARIABLE = YES;
				IPHONEOS_DEPLOYMENT_TARGET = 16.2;
				MTL_ENABLE_DEBUG_INFO = NO;
				MTL_FAST_MATH = YES;
				SDKROOT = iphoneos;
				SWIFT_COMPILATION_MODE = wholemodule;
				SWIFT_OPTIMIZATION_LEVEL = "-O";
				VALIDATE_PRODUCT = YES;
			};
			name = Release;
		};
		ECEF623329F9BF4400675794 /* Debug */ = {
			isa = XCBuildConfiguration;
			buildSettings = {
				ASSETCATALOG_COMPILER_APPICON_NAME = AppIcon;
				ASSETCATALOG_COMPILER_GLOBAL_ACCENT_COLOR_NAME = AccentColor;
				CODE_SIGN_STYLE = Automatic;
				CURRENT_PROJECT_VERSION = 1;
				DEVELOPMENT_TEAM = 3496F3A4HL;
				GENERATE_INFOPLIST_FILE = YES;
				INFOPLIST_FILE = Stocks/Info.plist;
				INFOPLIST_KEY_UIApplicationSupportsIndirectInputEvents = YES;
				INFOPLIST_KEY_UILaunchStoryboardName = LaunchScreen;
				INFOPLIST_KEY_UIMainStoryboardFile = "";
				INFOPLIST_KEY_UISupportedInterfaceOrientations_iPad = "UIInterfaceOrientationPortrait UIInterfaceOrientationPortraitUpsideDown UIInterfaceOrientationLandscapeLeft UIInterfaceOrientationLandscapeRight";
				INFOPLIST_KEY_UISupportedInterfaceOrientations_iPhone = "UIInterfaceOrientationPortrait UIInterfaceOrientationLandscapeLeft UIInterfaceOrientationLandscapeRight";
				IPHONEOS_DEPLOYMENT_TARGET = 13.0;
				LD_RUNPATH_SEARCH_PATHS = (
					"$(inherited)",
					"@executable_path/Frameworks",
				);
				MARKETING_VERSION = 1.0;
				PRODUCT_BUNDLE_IDENTIFIER = com.my.Stocks;
				PRODUCT_NAME = "$(TARGET_NAME)";
				SUPPORTED_PLATFORMS = "iphoneos iphonesimulator";
				SUPPORTS_MACCATALYST = NO;
				SUPPORTS_MAC_DESIGNED_FOR_IPHONE_IPAD = NO;
				SWIFT_EMIT_LOC_STRINGS = YES;
				SWIFT_VERSION = 5.0;
				TARGETED_DEVICE_FAMILY = "1,2";
			};
			name = Debug;
		};
		ECEF623429F9BF4400675794 /* Release */ = {
			isa = XCBuildConfiguration;
			buildSettings = {
				ASSETCATALOG_COMPILER_APPICON_NAME = AppIcon;
				ASSETCATALOG_COMPILER_GLOBAL_ACCENT_COLOR_NAME = AccentColor;
				CODE_SIGN_STYLE = Automatic;
				CURRENT_PROJECT_VERSION = 1;
				DEVELOPMENT_TEAM = 3496F3A4HL;
				GENERATE_INFOPLIST_FILE = YES;
				INFOPLIST_FILE = Stocks/Info.plist;
				INFOPLIST_KEY_UIApplicationSupportsIndirectInputEvents = YES;
				INFOPLIST_KEY_UILaunchStoryboardName = LaunchScreen;
				INFOPLIST_KEY_UIMainStoryboardFile = "";
				INFOPLIST_KEY_UISupportedInterfaceOrientations_iPad = "UIInterfaceOrientationPortrait UIInterfaceOrientationPortraitUpsideDown UIInterfaceOrientationLandscapeLeft UIInterfaceOrientationLandscapeRight";
				INFOPLIST_KEY_UISupportedInterfaceOrientations_iPhone = "UIInterfaceOrientationPortrait UIInterfaceOrientationLandscapeLeft UIInterfaceOrientationLandscapeRight";
				IPHONEOS_DEPLOYMENT_TARGET = 13.0;
				LD_RUNPATH_SEARCH_PATHS = (
					"$(inherited)",
					"@executable_path/Frameworks",
				);
				MARKETING_VERSION = 1.0;
				PRODUCT_BUNDLE_IDENTIFIER = com.my.Stocks;
				PRODUCT_NAME = "$(TARGET_NAME)";
				SUPPORTED_PLATFORMS = "iphoneos iphonesimulator";
				SUPPORTS_MACCATALYST = NO;
				SUPPORTS_MAC_DESIGNED_FOR_IPHONE_IPAD = NO;
				SWIFT_EMIT_LOC_STRINGS = YES;
				SWIFT_VERSION = 5.0;
				TARGETED_DEVICE_FAMILY = "1,2";
			};
			name = Release;
		};
/* End XCBuildConfiguration section */

/* Begin XCConfigurationList section */
		ECEF621929F9BF4300675794 /* Build configuration list for PBXProject "Stocks" */ = {
			isa = XCConfigurationList;
			buildConfigurations = (
				ECEF623029F9BF4400675794 /* Debug */,
				ECEF623129F9BF4400675794 /* Release */,
			);
			defaultConfigurationIsVisible = 0;
			defaultConfigurationName = Release;
		};
		ECEF623229F9BF4400675794 /* Build configuration list for PBXNativeTarget "Stocks" */ = {
			isa = XCConfigurationList;
			buildConfigurations = (
				ECEF623329F9BF4400675794 /* Debug */,
				ECEF623429F9BF4400675794 /* Release */,
			);
			defaultConfigurationIsVisible = 0;
			defaultConfigurationName = Release;
		};
/* End XCConfigurationList section */

/* Begin XCRemoteSwiftPackageReference section */
		EC01458C29FBA7800093BB2A /* XCRemoteSwiftPackageReference "FloatingPanel" */ = {
			isa = XCRemoteSwiftPackageReference;
			repositoryURL = "https://github.com/scenee/FloatingPanel";
			requirement = {
				kind = upToNextMajorVersion;
				minimumVersion = 2.0.0;
			};
		};
		EC01459529FC6D060093BB2A /* XCRemoteSwiftPackageReference "SDWebImage" */ = {
			isa = XCRemoteSwiftPackageReference;
			repositoryURL = "https://github.com/SDWebImage/SDWebImage.git";
			requirement = {
				branch = master;
				kind = branch;
			};
		};
/* End XCRemoteSwiftPackageReference section */

/* Begin XCSwiftPackageProductDependency section */
		EC01458D29FBA7800093BB2A /* FloatingPanel */ = {
			isa = XCSwiftPackageProductDependency;
			package = EC01458C29FBA7800093BB2A /* XCRemoteSwiftPackageReference "FloatingPanel" */;
			productName = FloatingPanel;
		};
		EC01459629FC6D060093BB2A /* SDWebImage */ = {
			isa = XCSwiftPackageProductDependency;
			package = EC01459529FC6D060093BB2A /* XCRemoteSwiftPackageReference "SDWebImage" */;
			productName = SDWebImage;
		};
		EC01459829FC6D060093BB2A /* SDWebImageMapKit */ = {
			isa = XCSwiftPackageProductDependency;
			package = EC01459529FC6D060093BB2A /* XCRemoteSwiftPackageReference "SDWebImage" */;
			productName = SDWebImageMapKit;
		};
/* End XCSwiftPackageProductDependency section */
	};
	rootObject = ECEF621629F9BF4300675794 /* Project object */;
}
